
Microsoft Visual Studio Solution File, Format Version 12.00
# Visual Studio Version 17
VisualStudioVersion = 17.7.34221.43
MinimumVisualStudioVersion = 10.0.40219.1
Project("{FAE04EC0-301F-11D3-BF4B-00C04F79EFBC}") = "Git Hub Test 2", "Git Hub Test 2.csproj", "{10C6F0C6-4AD7-413C-A988-566846C9F446}"
EndProject
Global
	GlobalSection(SolutionConfigurationPlatforms) = preSolution
		Debug|Any CPU = Debug|Any CPU
		Release|Any CPU = Release|Any CPU
	EndGlobalSection
	GlobalSection(ProjectConfigurationPlatforms) = postSolution
		{10C6F0C6-4AD7-413C-A988-566846C9F446}.Debug|Any CPU.ActiveCfg = Debug|Any CPU
		{10C6F0C6-4AD7-413C-A988-566846C9F446}.Debug|Any CPU.Build.0 = Debug|Any CPU
		{10C6F0C6-4AD7-413C-A988-566846C9F446}.Release|Any CPU.ActiveCfg = Release|Any CPU
		{10C6F0C6-4AD7-413C-A988-566846C9F446}.Release|Any CPU.Build.0 = Release|Any CPU
	EndGlobalSection
	GlobalSection(SolutionProperties) = preSolution
		HideSolutionNode = FALSE
	EndGlobalSection
	GlobalSection(ExtensibilityGlobals) = postSolution
		SolutionGuid = {C8B6BCA1-BF2C-48FE-8D16-6D58003BA36E}
	EndGlobalSection
EndGlobal
